
Microsoft Visual Studio Solution File, Format Version 12.00
# Visual Studio Version 17
VisualStudioVersion = 17.6.33723.286
MinimumVisualStudioVersion = 10.0.40219.1
Project("{9A19103F-16F7-4668-BE54-9A1E7A4F7556}") = "RegistroDeAeromodelos", "RegistroDeAeromodelos.csproj", "{F3CFB0B4-8FFF-40AF-A5CB-C1116DAE8935}"
EndProject
Project("{FAE04EC0-301F-11D3-BF4B-00C04F79EFBC}") = "RegistroDeAeromodelosTests", "..\RegistroDeAeromodelosTests\RegistroDeAeromodelosTests.csproj", "{234455CC-9E7C-4626-99C8-4503FF8BE129}"
EndProject
Global
	GlobalSection(SolutionConfigurationPlatforms) = preSolution
		Debug|Any CPU = Debug|Any CPU
		Release|Any CPU = Release|Any CPU
	EndGlobalSection
	GlobalSection(ProjectConfigurationPlatforms) = postSolution
		{F3CFB0B4-8FFF-40AF-A5CB-C1116DAE8935}.Debug|Any CPU.ActiveCfg = Debug|Any CPU
		{F3CFB0B4-8FFF-40AF-A5CB-C1116DAE8935}.Debug|Any CPU.Build.0 = Debug|Any CPU
		{F3CFB0B4-8FFF-40AF-A5CB-C1116DAE8935}.Release|Any CPU.ActiveCfg = Release|Any CPU
		{F3CFB0B4-8FFF-40AF-A5CB-C1116DAE8935}.Release|Any CPU.Build.0 = Release|Any CPU
		{234455CC-9E7C-4626-99C8-4503FF8BE129}.Debug|Any CPU.ActiveCfg = Debug|Any CPU
		{234455CC-9E7C-4626-99C8-4503FF8BE129}.Debug|Any CPU.Build.0 = Debug|Any CPU
		{234455CC-9E7C-4626-99C8-4503FF8BE129}.Release|Any CPU.ActiveCfg = Release|Any CPU
		{234455CC-9E7C-4626-99C8-4503FF8BE129}.Release|Any CPU.Build.0 = Release|Any CPU
	EndGlobalSection
	GlobalSection(SolutionProperties) = preSolution
		HideSolutionNode = FALSE
	EndGlobalSection
	GlobalSection(ExtensibilityGlobals) = postSolution
		SolutionGuid = {816E817F-E633-4DCE-B72B-8DBD40F919D5}
	EndGlobalSection
EndGlobal
